
Microsoft Visual Studio Solution File, Format Version 12.00
# Visual Studio 2017
Project("{FAE04EC0-301F-11D3-BF4B-00C04F79EFBC}") = "Laser_Defender", "Laser_Defender.csproj", "{C30E43A8-4585-EA75-4A87-4CA9879BEDCC}"
EndProject
Global
	GlobalSection(SolutionConfigurationPlatforms) = preSolution
		Debug|Any CPU = Debug|Any CPU
		Release|Any CPU = Release|Any CPU
	EndGlobalSection
	GlobalSection(ProjectConfigurationPlatforms) = postSolution
		{C30E43A8-4585-EA75-4A87-4CA9879BEDCC}.Debug|Any CPU.ActiveCfg = Debug|Any CPU
		{C30E43A8-4585-EA75-4A87-4CA9879BEDCC}.Debug|Any CPU.Build.0 = Debug|Any CPU
		{C30E43A8-4585-EA75-4A87-4CA9879BEDCC}.Release|Any CPU.ActiveCfg = Release|Any CPU
		{C30E43A8-4585-EA75-4A87-4CA9879BEDCC}.Release|Any CPU.Build.0 = Release|Any CPU
	EndGlobalSection
	GlobalSection(SolutionProperties) = preSolution
		HideSolutionNode = FALSE
	EndGlobalSection
EndGlobal
